
Microsoft Visual Studio Solution File, Format Version 12.00
# Visual Studio 15
VisualStudioVersion = 15.0.27130.2027
MinimumVisualStudioVersion = 10.0.40219.1
Project("{FAE04EC0-301F-11D3-BF4B-00C04F79EFBC}") = "MyAula", "MyAula\MyAula.csproj", "{34AEB3F6-0DF6-48F3-BF98-C07869593EFD}"
EndProject
Global
	GlobalSection(SolutionConfigurationPlatforms) = preSolution
		Debug|Any CPU = Debug|Any CPU
		Release|Any CPU = Release|Any CPU
	EndGlobalSection
	GlobalSection(ProjectConfigurationPlatforms) = postSolution
		{34AEB3F6-0DF6-48F3-BF98-C07869593EFD}.Debug|Any CPU.ActiveCfg = Debug|Any CPU
		{34AEB3F6-0DF6-48F3-BF98-C07869593EFD}.Debug|Any CPU.Build.0 = Debug|Any CPU
		{34AEB3F6-0DF6-48F3-BF98-C07869593EFD}.Release|Any CPU.ActiveCfg = Release|Any CPU
		{34AEB3F6-0DF6-48F3-BF98-C07869593EFD}.Release|Any CPU.Build.0 = Release|Any CPU
	EndGlobalSection
	GlobalSection(SolutionProperties) = preSolution
		HideSolutionNode = FALSE
	EndGlobalSection
	GlobalSection(ExtensibilityGlobals) = postSolution
		SolutionGuid = {D0252FE4-1773-4E6C-9A3F-35BA6B050F38}
	EndGlobalSection
EndGlobal
